// !$*UTF8*$!
{
	archiveVersion = 1;
	classes = {
	};
	objectVersion = 56;
	objects = {

/* Begin PBXBuildFile section */
		46B7DB4E2BFDC41800DEDAB9 /* MarvelDemoApp.swift in Sources */ = {isa = PBXBuildFile; fileRef = 46B7DB4D2BFDC41800DEDAB9 /* MarvelDemoApp.swift */; };
		46B7DB502BFDC41800DEDAB9 /* ContentView.swift in Sources */ = {isa = PBXBuildFile; fileRef = 46B7DB4F2BFDC41800DEDAB9 /* ContentView.swift */; };
		46B7DB522BFDC41800DEDAB9 /* Assets.xcassets in Resources */ = {isa = PBXBuildFile; fileRef = 46B7DB512BFDC41800DEDAB9 /* Assets.xcassets */; };
		46B7DB552BFDC41800DEDAB9 /* Preview Assets.xcassets in Resources */ = {isa = PBXBuildFile; fileRef = 46B7DB542BFDC41800DEDAB9 /* Preview Assets.xcassets */; };
		46B7DB692BFDC41900DEDAB9 /* MarvelDemoAppUITests.swift in Sources */ = {isa = PBXBuildFile; fileRef = 46B7DB682BFDC41900DEDAB9 /* MarvelDemoAppUITests.swift */; };
		46B7DB6B2BFDC41900DEDAB9 /* MarvelDemoAppUITestsLaunchTests.swift in Sources */ = {isa = PBXBuildFile; fileRef = 46B7DB6A2BFDC41900DEDAB9 /* MarvelDemoAppUITestsLaunchTests.swift */; };
		46B7DB7F2BFDCE1800DEDAB9 /* CharacterDataWrapper.swift in Sources */ = {isa = PBXBuildFile; fileRef = 46B7DB7E2BFDCE1800DEDAB9 /* CharacterDataWrapper.swift */; };
		46B7DB812BFDCE5E00DEDAB9 /* CharacterDataContainer.swift in Sources */ = {isa = PBXBuildFile; fileRef = 46B7DB802BFDCE5E00DEDAB9 /* CharacterDataContainer.swift */; };
		46B7DB832BFDCEB500DEDAB9 /* Character.swift in Sources */ = {isa = PBXBuildFile; fileRef = 46B7DB822BFDCEB500DEDAB9 /* Character.swift */; };
		46B7DB852BFDCF8B00DEDAB9 /* ComicList.swift in Sources */ = {isa = PBXBuildFile; fileRef = 46B7DB842BFDCF8B00DEDAB9 /* ComicList.swift */; };
		46B7DB872BFDCF9D00DEDAB9 /* ComicSummary.swift in Sources */ = {isa = PBXBuildFile; fileRef = 46B7DB862BFDCF9D00DEDAB9 /* ComicSummary.swift */; };
		46B7DB892BFDCFAF00DEDAB9 /* StoryList.swift in Sources */ = {isa = PBXBuildFile; fileRef = 46B7DB882BFDCFAF00DEDAB9 /* StoryList.swift */; };
		46B7DB8B2BFDCFBB00DEDAB9 /* SeriesList.swift in Sources */ = {isa = PBXBuildFile; fileRef = 46B7DB8A2BFDCFBB00DEDAB9 /* SeriesList.swift */; };
		46B7DB8D2BFDCFC800DEDAB9 /* EventList.swift in Sources */ = {isa = PBXBuildFile; fileRef = 46B7DB8C2BFDCFC800DEDAB9 /* EventList.swift */; };
		46B7DB8F2BFDCFD900DEDAB9 /* StorySummary.swift in Sources */ = {isa = PBXBuildFile; fileRef = 46B7DB8E2BFDCFD900DEDAB9 /* StorySummary.swift */; };
		46B7DB912BFDCFE800DEDAB9 /* EventSummary.swift in Sources */ = {isa = PBXBuildFile; fileRef = 46B7DB902BFDCFE800DEDAB9 /* EventSummary.swift */; };
		46B7DB932BFDCFF600DEDAB9 /* Image.swift in Sources */ = {isa = PBXBuildFile; fileRef = 46B7DB922BFDCFF600DEDAB9 /* Image.swift */; };
		46B7DB952BFDD00200DEDAB9 /* Url.swift in Sources */ = {isa = PBXBuildFile; fileRef = 46B7DB942BFDD00200DEDAB9 /* Url.swift */; };
		46B7DB992BFE855700DEDAB9 /* NetworkService.swift in Sources */ = {isa = PBXBuildFile; fileRef = 46B7DB982BFE855700DEDAB9 /* NetworkService.swift */; };
		46B7DB9E2BFE912B00DEDAB9 /* URLRequestNetworkServiceTests.swift in Sources */ = {isa = PBXBuildFile; fileRef = 46B7DB9D2BFE912B00DEDAB9 /* URLRequestNetworkServiceTests.swift */; };
		46B7DBA02BFE965C00DEDAB9 /* Request.swift in Sources */ = {isa = PBXBuildFile; fileRef = 46B7DB9F2BFE965C00DEDAB9 /* Request.swift */; };
		46B7DBA22BFE967900DEDAB9 /* Response.swift in Sources */ = {isa = PBXBuildFile; fileRef = 46B7DBA12BFE967900DEDAB9 /* Response.swift */; };
		46B7DBA42BFE969800DEDAB9 /* URLRequestNetworkService.swift in Sources */ = {isa = PBXBuildFile; fileRef = 46B7DBA32BFE969800DEDAB9 /* URLRequestNetworkService.swift */; };
		46B7DBA62BFE96B000DEDAB9 /* MockURLSession.swift in Sources */ = {isa = PBXBuildFile; fileRef = 46B7DBA52BFE96B000DEDAB9 /* MockURLSession.swift */; };
		46B7DBA82BFE96D300DEDAB9 /* MockURLRequestBuilder.swift in Sources */ = {isa = PBXBuildFile; fileRef = 46B7DBA72BFE96D300DEDAB9 /* MockURLRequestBuilder.swift */; };
		46B7DBBC2BFEA87100DEDAB9 /* Load.swift in Sources */ = {isa = PBXBuildFile; fileRef = 46B7DBBB2BFEA87100DEDAB9 /* Load.swift */; };
		46B7DBBE2BFEA8C000DEDAB9 /* MD5Hasher.swift in Sources */ = {isa = PBXBuildFile; fileRef = 46B7DBBD2BFEA8C000DEDAB9 /* MD5Hasher.swift */; };
		46B7DBC02BFEA95600DEDAB9 /* MD5HasherTests.swift in Sources */ = {isa = PBXBuildFile; fileRef = 46B7DBBF2BFEA95600DEDAB9 /* MD5HasherTests.swift */; };
		46B7DBC22BFEAAE200DEDAB9 /* EnvironmentReader.swift in Sources */ = {isa = PBXBuildFile; fileRef = 46B7DBC12BFEAAE200DEDAB9 /* EnvironmentReader.swift */; };
		46B7DBC42BFEABEA00DEDAB9 /* EnvironmentReaderTests.swift in Sources */ = {isa = PBXBuildFile; fileRef = 46B7DBC32BFEABEA00DEDAB9 /* EnvironmentReaderTests.swift */; };
		46B7DBC82BFEB09F00DEDAB9 /* CharacterAPIService.swift in Sources */ = {isa = PBXBuildFile; fileRef = 46B7DBC72BFEB09F00DEDAB9 /* CharacterAPIService.swift */; };
		46B7DBCA2BFEB0C500DEDAB9 /* APIClient.swift in Sources */ = {isa = PBXBuildFile; fileRef = 46B7DBC92BFEB0C500DEDAB9 /* APIClient.swift */; };
		46B8DF8E2BFF7C650034274B /* JSONParser.swift in Sources */ = {isa = PBXBuildFile; fileRef = 46B8DF8D2BFF7C650034274B /* JSONParser.swift */; };
		46B8DF932BFF7DE80034274B /* Dictionary+Merge.swift in Sources */ = {isa = PBXBuildFile; fileRef = 46B8DF922BFF7DE80034274B /* Dictionary+Merge.swift */; };
		46B8DF952BFF7DF80034274B /* Dictionary+QueryParameter.swift in Sources */ = {isa = PBXBuildFile; fileRef = 46B8DF942BFF7DF80034274B /* Dictionary+QueryParameter.swift */; };
		46B8DF972BFF827D0034274B /* CharacterAPIServiceTests.swift in Sources */ = {isa = PBXBuildFile; fileRef = 46B8DF962BFF827D0034274B /* CharacterAPIServiceTests.swift */; };
		46B8DF9D2BFFA2740034274B /* CharacterDataWrapper.json in Resources */ = {isa = PBXBuildFile; fileRef = 46B8DF9C2BFFA2740034274B /* CharacterDataWrapper.json */; };
		46B8DF9E2BFFA2860034274B /* CharacterDataWrapper.json in Resources */ = {isa = PBXBuildFile; fileRef = 46B8DF9C2BFFA2740034274B /* CharacterDataWrapper.json */; };
		46B8DFA92BFFA7040034274B /* CharactersCoreDataManager.swift in Sources */ = {isa = PBXBuildFile; fileRef = 46B8DFA82BFFA7040034274B /* CharactersCoreDataManager.swift */; };
		46B8DFC22BFFB7800034274B /* CharactersDataModel.xcdatamodeld in Sources */ = {isa = PBXBuildFile; fileRef = 46B8DFC02BFFB7800034274B /* CharactersDataModel.xcdatamodeld */; };
		46B8DFC42BFFC40B0034274B /* SeriesSummary.swift in Sources */ = {isa = PBXBuildFile; fileRef = 46B8DFC32BFFC40B0034274B /* SeriesSummary.swift */; };
		46B8DFC62BFFC4F70034274B /* Optional+NSSet+Array.swift in Sources */ = {isa = PBXBuildFile; fileRef = 46B8DFC52BFFC4F70034274B /* Optional+NSSet+Array.swift */; };
		46B8DFC82BFFC88E0034274B /* CharactersCoreDataManagerTests.swift in Sources */ = {isa = PBXBuildFile; fileRef = 46B8DFC72BFFC88E0034274B /* CharactersCoreDataManagerTests.swift */; };
		46B8DFCA2BFFD8C70034274B /* MockCharacterAPIService.swift in Sources */ = {isa = PBXBuildFile; fileRef = 46B8DFC92BFFD8C70034274B /* MockCharacterAPIService.swift */; };
		46B8DFCC2BFFD8E00034274B /* CharacterStorageService.swift in Sources */ = {isa = PBXBuildFile; fileRef = 46B8DFCB2BFFD8E00034274B /* CharacterStorageService.swift */; };
		46B8DFCE2BFFD8F60034274B /* CharacterServiceWithFallback.swift in Sources */ = {isa = PBXBuildFile; fileRef = 46B8DFCD2BFFD8F60034274B /* CharacterServiceWithFallback.swift */; };
		46B8DFD02BFFDB0C0034274B /* CharacterServiceWithFallbackTests.swift in Sources */ = {isa = PBXBuildFile; fileRef = 46B8DFCF2BFFDB0C0034274B /* CharacterServiceWithFallbackTests.swift */; };
		46B8DFD22BFFDE2E0034274B /* MockFallbackCharacterService.swift in Sources */ = {isa = PBXBuildFile; fileRef = 46B8DFD12BFFDE2E0034274B /* MockFallbackCharacterService.swift */; };
		46B8DFD62BFFE0E10034274B /* MockNullCharacterAPIService.swift in Sources */ = {isa = PBXBuildFile; fileRef = 46B8DFD52BFFE0E10034274B /* MockNullCharacterAPIService.swift */; };
		46B8DFD82BFFE33D0034274B /* NetworkServiceFactory.swift in Sources */ = {isa = PBXBuildFile; fileRef = 46B8DFD72BFFE33D0034274B /* NetworkServiceFactory.swift */; };
		46B8DFDA2BFFE3D90034274B /* MockNetworkServiceFactory.swift in Sources */ = {isa = PBXBuildFile; fileRef = 46B8DFD92BFFE3D90034274B /* MockNetworkServiceFactory.swift */; };
		46B8DFDC2BFFE43D0034274B /* APIClientFactory.swift in Sources */ = {isa = PBXBuildFile; fileRef = 46B8DFDB2BFFE43D0034274B /* APIClientFactory.swift */; };
		46B8DFDE2BFFE5110034274B /* CharacterServiceFactory.swift in Sources */ = {isa = PBXBuildFile; fileRef = 46B8DFDD2BFFE5110034274B /* CharacterServiceFactory.swift */; };
		46B8DFE02BFFE5290034274B /* CharacterService.swift in Sources */ = {isa = PBXBuildFile; fileRef = 46B8DFDF2BFFE5290034274B /* CharacterService.swift */; };
/* End PBXBuildFile section */

/* Begin PBXContainerItemProxy section */
		46B7DB5B2BFDC41900DEDAB9 /* PBXContainerItemProxy */ = {
			isa = PBXContainerItemProxy;
			containerPortal = 46B7DB422BFDC41800DEDAB9 /* Project object */;
			proxyType = 1;
			remoteGlobalIDString = 46B7DB492BFDC41800DEDAB9;
			remoteInfo = MarvelDemoApp;
		};
		46B7DB652BFDC41900DEDAB9 /* PBXContainerItemProxy */ = {
			isa = PBXContainerItemProxy;
			containerPortal = 46B7DB422BFDC41800DEDAB9 /* Project object */;
			proxyType = 1;
			remoteGlobalIDString = 46B7DB492BFDC41800DEDAB9;
			remoteInfo = MarvelDemoApp;
		};
/* End PBXContainerItemProxy section */

/* Begin PBXFileReference section */
		46B7DB4A2BFDC41800DEDAB9 /* MarvelDemoApp.app */ = {isa = PBXFileReference; explicitFileType = wrapper.application; includeInIndex = 0; path = MarvelDemoApp.app; sourceTree = BUILT_PRODUCTS_DIR; };
		46B7DB4D2BFDC41800DEDAB9 /* MarvelDemoApp.swift */ = {isa = PBXFileReference; lastKnownFileType = sourcecode.swift; path = MarvelDemoApp.swift; sourceTree = "<group>"; };
		46B7DB4F2BFDC41800DEDAB9 /* ContentView.swift */ = {isa = PBXFileReference; lastKnownFileType = sourcecode.swift; path = ContentView.swift; sourceTree = "<group>"; };
		46B7DB512BFDC41800DEDAB9 /* Assets.xcassets */ = {isa = PBXFileReference; lastKnownFileType = folder.assetcatalog; path = Assets.xcassets; sourceTree = "<group>"; };
		46B7DB542BFDC41800DEDAB9 /* Preview Assets.xcassets */ = {isa = PBXFileReference; lastKnownFileType = folder.assetcatalog; path = "Preview Assets.xcassets"; sourceTree = "<group>"; };
		46B7DB5A2BFDC41900DEDAB9 /* MarvelDemoAppTests.xctest */ = {isa = PBXFileReference; explicitFileType = wrapper.cfbundle; includeInIndex = 0; path = MarvelDemoAppTests.xctest; sourceTree = BUILT_PRODUCTS_DIR; };
		46B7DB642BFDC41900DEDAB9 /* MarvelDemoAppUITests.xctest */ = {isa = PBXFileReference; explicitFileType = wrapper.cfbundle; includeInIndex = 0; path = MarvelDemoAppUITests.xctest; sourceTree = BUILT_PRODUCTS_DIR; };
		46B7DB682BFDC41900DEDAB9 /* MarvelDemoAppUITests.swift */ = {isa = PBXFileReference; lastKnownFileType = sourcecode.swift; path = MarvelDemoAppUITests.swift; sourceTree = "<group>"; };
		46B7DB6A2BFDC41900DEDAB9 /* MarvelDemoAppUITestsLaunchTests.swift */ = {isa = PBXFileReference; lastKnownFileType = sourcecode.swift; path = MarvelDemoAppUITestsLaunchTests.swift; sourceTree = "<group>"; };
		46B7DB7E2BFDCE1800DEDAB9 /* CharacterDataWrapper.swift */ = {isa = PBXFileReference; lastKnownFileType = sourcecode.swift; path = CharacterDataWrapper.swift; sourceTree = "<group>"; };
		46B7DB802BFDCE5E00DEDAB9 /* CharacterDataContainer.swift */ = {isa = PBXFileReference; lastKnownFileType = sourcecode.swift; path = CharacterDataContainer.swift; sourceTree = "<group>"; };
		46B7DB822BFDCEB500DEDAB9 /* Character.swift */ = {isa = PBXFileReference; lastKnownFileType = sourcecode.swift; path = Character.swift; sourceTree = "<group>"; };
		46B7DB842BFDCF8B00DEDAB9 /* ComicList.swift */ = {isa = PBXFileReference; lastKnownFileType = sourcecode.swift; path = ComicList.swift; sourceTree = "<group>"; };
		46B7DB862BFDCF9D00DEDAB9 /* ComicSummary.swift */ = {isa = PBXFileReference; lastKnownFileType = sourcecode.swift; path = ComicSummary.swift; sourceTree = "<group>"; };
		46B7DB882BFDCFAF00DEDAB9 /* StoryList.swift */ = {isa = PBXFileReference; lastKnownFileType = sourcecode.swift; path = StoryList.swift; sourceTree = "<group>"; };
		46B7DB8A2BFDCFBB00DEDAB9 /* SeriesList.swift */ = {isa = PBXFileReference; lastKnownFileType = sourcecode.swift; path = SeriesList.swift; sourceTree = "<group>"; };
		46B7DB8C2BFDCFC800DEDAB9 /* EventList.swift */ = {isa = PBXFileReference; lastKnownFileType = sourcecode.swift; path = EventList.swift; sourceTree = "<group>"; };
		46B7DB8E2BFDCFD900DEDAB9 /* StorySummary.swift */ = {isa = PBXFileReference; lastKnownFileType = sourcecode.swift; path = StorySummary.swift; sourceTree = "<group>"; };
		46B7DB902BFDCFE800DEDAB9 /* EventSummary.swift */ = {isa = PBXFileReference; lastKnownFileType = sourcecode.swift; path = EventSummary.swift; sourceTree = "<group>"; };
		46B7DB922BFDCFF600DEDAB9 /* Image.swift */ = {isa = PBXFileReference; lastKnownFileType = sourcecode.swift; path = Image.swift; sourceTree = "<group>"; };
		46B7DB942BFDD00200DEDAB9 /* Url.swift */ = {isa = PBXFileReference; lastKnownFileType = sourcecode.swift; path = Url.swift; sourceTree = "<group>"; };
		46B7DB982BFE855700DEDAB9 /* NetworkService.swift */ = {isa = PBXFileReference; lastKnownFileType = sourcecode.swift; path = NetworkService.swift; sourceTree = "<group>"; };
		46B7DB9D2BFE912B00DEDAB9 /* URLRequestNetworkServiceTests.swift */ = {isa = PBXFileReference; lastKnownFileType = sourcecode.swift; path = URLRequestNetworkServiceTests.swift; sourceTree = "<group>"; };
		46B7DB9F2BFE965C00DEDAB9 /* Request.swift */ = {isa = PBXFileReference; lastKnownFileType = sourcecode.swift; path = Request.swift; sourceTree = "<group>"; };
		46B7DBA12BFE967900DEDAB9 /* Response.swift */ = {isa = PBXFileReference; lastKnownFileType = sourcecode.swift; path = Response.swift; sourceTree = "<group>"; };
		46B7DBA32BFE969800DEDAB9 /* URLRequestNetworkService.swift */ = {isa = PBXFileReference; lastKnownFileType = sourcecode.swift; path = URLRequestNetworkService.swift; sourceTree = "<group>"; };
		46B7DBA52BFE96B000DEDAB9 /* MockURLSession.swift */ = {isa = PBXFileReference; lastKnownFileType = sourcecode.swift; path = MockURLSession.swift; sourceTree = "<group>"; };
		46B7DBA72BFE96D300DEDAB9 /* MockURLRequestBuilder.swift */ = {isa = PBXFileReference; lastKnownFileType = sourcecode.swift; path = MockURLRequestBuilder.swift; sourceTree = "<group>"; };
		46B7DBBB2BFEA87100DEDAB9 /* Load.swift */ = {isa = PBXFileReference; lastKnownFileType = sourcecode.swift; path = Load.swift; sourceTree = "<group>"; };
		46B7DBBD2BFEA8C000DEDAB9 /* MD5Hasher.swift */ = {isa = PBXFileReference; lastKnownFileType = sourcecode.swift; path = MD5Hasher.swift; sourceTree = "<group>"; };
		46B7DBBF2BFEA95600DEDAB9 /* MD5HasherTests.swift */ = {isa = PBXFileReference; lastKnownFileType = sourcecode.swift; path = MD5HasherTests.swift; sourceTree = "<group>"; };
		46B7DBC12BFEAAE200DEDAB9 /* EnvironmentReader.swift */ = {isa = PBXFileReference; lastKnownFileType = sourcecode.swift; path = EnvironmentReader.swift; sourceTree = "<group>"; };
		46B7DBC32BFEABEA00DEDAB9 /* EnvironmentReaderTests.swift */ = {isa = PBXFileReference; lastKnownFileType = sourcecode.swift; path = EnvironmentReaderTests.swift; sourceTree = "<group>"; };
		46B7DBC72BFEB09F00DEDAB9 /* CharacterAPIService.swift */ = {isa = PBXFileReference; lastKnownFileType = sourcecode.swift; path = CharacterAPIService.swift; sourceTree = "<group>"; };
		46B7DBC92BFEB0C500DEDAB9 /* APIClient.swift */ = {isa = PBXFileReference; lastKnownFileType = sourcecode.swift; path = APIClient.swift; sourceTree = "<group>"; };
		46B8DF8D2BFF7C650034274B /* JSONParser.swift */ = {isa = PBXFileReference; lastKnownFileType = sourcecode.swift; path = JSONParser.swift; sourceTree = "<group>"; };
		46B8DF922BFF7DE80034274B /* Dictionary+Merge.swift */ = {isa = PBXFileReference; lastKnownFileType = sourcecode.swift; path = "Dictionary+Merge.swift"; sourceTree = "<group>"; };
		46B8DF942BFF7DF80034274B /* Dictionary+QueryParameter.swift */ = {isa = PBXFileReference; lastKnownFileType = sourcecode.swift; path = "Dictionary+QueryParameter.swift"; sourceTree = "<group>"; };
		46B8DF962BFF827D0034274B /* CharacterAPIServiceTests.swift */ = {isa = PBXFileReference; lastKnownFileType = sourcecode.swift; path = CharacterAPIServiceTests.swift; sourceTree = "<group>"; };
		46B8DF9C2BFFA2740034274B /* CharacterDataWrapper.json */ = {isa = PBXFileReference; fileEncoding = 4; lastKnownFileType = text.json; path = CharacterDataWrapper.json; sourceTree = "<group>"; };
		46B8DFA82BFFA7040034274B /* CharactersCoreDataManager.swift */ = {isa = PBXFileReference; lastKnownFileType = sourcecode.swift; path = CharactersCoreDataManager.swift; sourceTree = "<group>"; };
		46B8DFC12BFFB7800034274B /* Marvel.xcdatamodel */ = {isa = PBXFileReference; lastKnownFileType = wrapper.xcdatamodel; path = Marvel.xcdatamodel; sourceTree = "<group>"; };
		46B8DFC32BFFC40B0034274B /* SeriesSummary.swift */ = {isa = PBXFileReference; lastKnownFileType = sourcecode.swift; path = SeriesSummary.swift; sourceTree = "<group>"; };
		46B8DFC52BFFC4F70034274B /* Optional+NSSet+Array.swift */ = {isa = PBXFileReference; lastKnownFileType = sourcecode.swift; path = "Optional+NSSet+Array.swift"; sourceTree = "<group>"; };
		46B8DFC72BFFC88E0034274B /* CharactersCoreDataManagerTests.swift */ = {isa = PBXFileReference; lastKnownFileType = sourcecode.swift; path = CharactersCoreDataManagerTests.swift; sourceTree = "<group>"; };
		46B8DFC92BFFD8C70034274B /* MockCharacterAPIService.swift */ = {isa = PBXFileReference; lastKnownFileType = sourcecode.swift; path = MockCharacterAPIService.swift; sourceTree = "<group>"; };
		46B8DFCB2BFFD8E00034274B /* CharacterStorageService.swift */ = {isa = PBXFileReference; lastKnownFileType = sourcecode.swift; path = CharacterStorageService.swift; sourceTree = "<group>"; };
		46B8DFCD2BFFD8F60034274B /* CharacterServiceWithFallback.swift */ = {isa = PBXFileReference; lastKnownFileType = sourcecode.swift; path = CharacterServiceWithFallback.swift; sourceTree = "<group>"; };
		46B8DFCF2BFFDB0C0034274B /* CharacterServiceWithFallbackTests.swift */ = {isa = PBXFileReference; lastKnownFileType = sourcecode.swift; path = CharacterServiceWithFallbackTests.swift; sourceTree = "<group>"; };
		46B8DFD12BFFDE2E0034274B /* MockFallbackCharacterService.swift */ = {isa = PBXFileReference; lastKnownFileType = sourcecode.swift; path = MockFallbackCharacterService.swift; sourceTree = "<group>"; };
		46B8DFD52BFFE0E10034274B /* MockNullCharacterAPIService.swift */ = {isa = PBXFileReference; lastKnownFileType = sourcecode.swift; path = MockNullCharacterAPIService.swift; sourceTree = "<group>"; };
		46B8DFD72BFFE33D0034274B /* NetworkServiceFactory.swift */ = {isa = PBXFileReference; lastKnownFileType = sourcecode.swift; path = NetworkServiceFactory.swift; sourceTree = "<group>"; };
		46B8DFD92BFFE3D90034274B /* MockNetworkServiceFactory.swift */ = {isa = PBXFileReference; lastKnownFileType = sourcecode.swift; path = MockNetworkServiceFactory.swift; sourceTree = "<group>"; };
		46B8DFDB2BFFE43D0034274B /* APIClientFactory.swift */ = {isa = PBXFileReference; lastKnownFileType = sourcecode.swift; path = APIClientFactory.swift; sourceTree = "<group>"; };
		46B8DFDD2BFFE5110034274B /* CharacterServiceFactory.swift */ = {isa = PBXFileReference; lastKnownFileType = sourcecode.swift; path = CharacterServiceFactory.swift; sourceTree = "<group>"; };
		46B8DFDF2BFFE5290034274B /* CharacterService.swift */ = {isa = PBXFileReference; lastKnownFileType = sourcecode.swift; path = CharacterService.swift; sourceTree = "<group>"; };
/* End PBXFileReference section */

/* Begin PBXFrameworksBuildPhase section */
		46B7DB472BFDC41800DEDAB9 /* Frameworks */ = {
			isa = PBXFrameworksBuildPhase;
			buildActionMask = 2147483647;
			files = (
			);
			runOnlyForDeploymentPostprocessing = 0;
		};
		46B7DB572BFDC41900DEDAB9 /* Frameworks */ = {
			isa = PBXFrameworksBuildPhase;
			buildActionMask = 2147483647;
			files = (
			);
			runOnlyForDeploymentPostprocessing = 0;
		};
		46B7DB612BFDC41900DEDAB9 /* Frameworks */ = {
			isa = PBXFrameworksBuildPhase;
			buildActionMask = 2147483647;
			files = (
			);
			runOnlyForDeploymentPostprocessing = 0;
		};
/* End PBXFrameworksBuildPhase section */

/* Begin PBXGroup section */
		46B7DB412BFDC41800DEDAB9 = {
			isa = PBXGroup;
			children = (
				46B7DB4C2BFDC41800DEDAB9 /* MarvelDemoApp */,
				46B7DB5D2BFDC41900DEDAB9 /* MarvelDemoAppTests */,
				46B7DB672BFDC41900DEDAB9 /* MarvelDemoAppUITests */,
				46B7DB4B2BFDC41800DEDAB9 /* Products */,
			);
			sourceTree = "<group>";
		};
		46B7DB4B2BFDC41800DEDAB9 /* Products */ = {
			isa = PBXGroup;
			children = (
				46B7DB4A2BFDC41800DEDAB9 /* MarvelDemoApp.app */,
				46B7DB5A2BFDC41900DEDAB9 /* MarvelDemoAppTests.xctest */,
				46B7DB642BFDC41900DEDAB9 /* MarvelDemoAppUITests.xctest */,
			);
			name = Products;
			sourceTree = "<group>";
		};
		46B7DB4C2BFDC41800DEDAB9 /* MarvelDemoApp */ = {
			isa = PBXGroup;
			children = (
				46B8DFA12BFFA6040034274B /* CoreData */,
				46B8DF992BFFA2500034274B /* Resources */,
				46B8DF912BFF7DDF0034274B /* Extensions */,
				46B7DBC52BFEB08300DEDAB9 /* API */,
				46B7DBBA2BFEA86300DEDAB9 /* Helpers */,
				46B7DB972BFDD66F00DEDAB9 /* Network */,
				46B7DB7D2BFDCE0A00DEDAB9 /* Models */,
				46B7DB4D2BFDC41800DEDAB9 /* MarvelDemoApp.swift */,
				46B7DB4F2BFDC41800DEDAB9 /* ContentView.swift */,
				46B7DB512BFDC41800DEDAB9 /* Assets.xcassets */,
				46B7DB532BFDC41800DEDAB9 /* Preview Content */,
			);
			path = MarvelDemoApp;
			sourceTree = "<group>";
		};
		46B7DB532BFDC41800DEDAB9 /* Preview Content */ = {
			isa = PBXGroup;
			children = (
				46B7DB542BFDC41800DEDAB9 /* Preview Assets.xcassets */,
			);
			path = "Preview Content";
			sourceTree = "<group>";
		};
		46B7DB5D2BFDC41900DEDAB9 /* MarvelDemoAppTests */ = {
			isa = PBXGroup;
			children = (
				46B7DB9D2BFE912B00DEDAB9 /* URLRequestNetworkServiceTests.swift */,
				46B7DBBF2BFEA95600DEDAB9 /* MD5HasherTests.swift */,
				46B7DBC32BFEABEA00DEDAB9 /* EnvironmentReaderTests.swift */,
				46B8DF962BFF827D0034274B /* CharacterAPIServiceTests.swift */,
				46B8DFC72BFFC88E0034274B /* CharactersCoreDataManagerTests.swift */,
				46B8DFCF2BFFDB0C0034274B /* CharacterServiceWithFallbackTests.swift */,
			);
			path = MarvelDemoAppTests;
			sourceTree = "<group>";
		};
		46B7DB672BFDC41900DEDAB9 /* MarvelDemoAppUITests */ = {
			isa = PBXGroup;
			children = (
				46B7DB682BFDC41900DEDAB9 /* MarvelDemoAppUITests.swift */,
				46B7DB6A2BFDC41900DEDAB9 /* MarvelDemoAppUITestsLaunchTests.swift */,
			);
			path = MarvelDemoAppUITests;
			sourceTree = "<group>";
		};
		46B7DB7D2BFDCE0A00DEDAB9 /* Models */ = {
			isa = PBXGroup;
			children = (
				46B7DB962BFDD03000DEDAB9 /* Characters */,
			);
			path = Models;
			sourceTree = "<group>";
		};
		46B7DB962BFDD03000DEDAB9 /* Characters */ = {
			isa = PBXGroup;
			children = (
				46B7DB7E2BFDCE1800DEDAB9 /* CharacterDataWrapper.swift */,
				46B7DB802BFDCE5E00DEDAB9 /* CharacterDataContainer.swift */,
				46B7DB822BFDCEB500DEDAB9 /* Character.swift */,
				46B7DB842BFDCF8B00DEDAB9 /* ComicList.swift */,
				46B7DB862BFDCF9D00DEDAB9 /* ComicSummary.swift */,
				46B7DB882BFDCFAF00DEDAB9 /* StoryList.swift */,
				46B7DB8A2BFDCFBB00DEDAB9 /* SeriesList.swift */,
				46B7DB8C2BFDCFC800DEDAB9 /* EventList.swift */,
				46B7DB8E2BFDCFD900DEDAB9 /* StorySummary.swift */,
				46B7DB902BFDCFE800DEDAB9 /* EventSummary.swift */,
				46B8DFC32BFFC40B0034274B /* SeriesSummary.swift */,
				46B7DB922BFDCFF600DEDAB9 /* Image.swift */,
				46B7DB942BFDD00200DEDAB9 /* Url.swift */,
			);
			path = Characters;
			sourceTree = "<group>";
		};
		46B7DB972BFDD66F00DEDAB9 /* Network */ = {
			isa = PBXGroup;
			children = (
				46B7DB9F2BFE965C00DEDAB9 /* Request.swift */,
				46B7DBA12BFE967900DEDAB9 /* Response.swift */,
				46B7DB982BFE855700DEDAB9 /* NetworkService.swift */,
				46B8DFD72BFFE33D0034274B /* NetworkServiceFactory.swift */,
				46B8DFD92BFFE3D90034274B /* MockNetworkServiceFactory.swift */,
				46B7DBA92BFE981600DEDAB9 /* URLRequest */,
			);
			path = Network;
			sourceTree = "<group>";
		};
		46B7DBA92BFE981600DEDAB9 /* URLRequest */ = {
			isa = PBXGroup;
			children = (
				46B7DBA32BFE969800DEDAB9 /* URLRequestNetworkService.swift */,
				46B7DBA52BFE96B000DEDAB9 /* MockURLSession.swift */,
				46B7DBA72BFE96D300DEDAB9 /* MockURLRequestBuilder.swift */,
			);
			path = URLRequest;
			sourceTree = "<group>";
		};
		46B7DBBA2BFEA86300DEDAB9 /* Helpers */ = {
			isa = PBXGroup;
			children = (
				46B7DBBB2BFEA87100DEDAB9 /* Load.swift */,
				46B7DBBD2BFEA8C000DEDAB9 /* MD5Hasher.swift */,
				46B7DBC12BFEAAE200DEDAB9 /* EnvironmentReader.swift */,
				46B8DF8D2BFF7C650034274B /* JSONParser.swift */,
			);
			path = Helpers;
			sourceTree = "<group>";
		};
		46B7DBC52BFEB08300DEDAB9 /* API */ = {
			isa = PBXGroup;
			children = (
				46B7DBC92BFEB0C500DEDAB9 /* APIClient.swift */,
				46B8DFDB2BFFE43D0034274B /* APIClientFactory.swift */,
				46B7DBC62BFEB08E00DEDAB9 /* Characters */,
			);
			path = API;
			sourceTree = "<group>";
		};
		46B7DBC62BFEB08E00DEDAB9 /* Characters */ = {
			isa = PBXGroup;
			children = (
				46B8DFDF2BFFE5290034274B /* CharacterService.swift */,
				46B8DFDD2BFFE5110034274B /* CharacterServiceFactory.swift */,
				46B7DBC72BFEB09F00DEDAB9 /* CharacterAPIService.swift */,
				46B8DFCB2BFFD8E00034274B /* CharacterStorageService.swift */,
				46B8DFCD2BFFD8F60034274B /* CharacterServiceWithFallback.swift */,
				46B8DFC92BFFD8C70034274B /* MockCharacterAPIService.swift */,
				46B8DFD52BFFE0E10034274B /* MockNullCharacterAPIService.swift */,
				46B8DFD12BFFDE2E0034274B /* MockFallbackCharacterService.swift */,
			);
			path = Characters;
			sourceTree = "<group>";
		};
		46B8DF912BFF7DDF0034274B /* Extensions */ = {
			isa = PBXGroup;
			children = (
				46B8DF922BFF7DE80034274B /* Dictionary+Merge.swift */,
				46B8DF942BFF7DF80034274B /* Dictionary+QueryParameter.swift */,
				46B8DFC52BFFC4F70034274B /* Optional+NSSet+Array.swift */,
			);
			path = Extensions;
			sourceTree = "<group>";
		};
		46B8DF992BFFA2500034274B /* Resources */ = {
			isa = PBXGroup;
			children = (
				46B8DF9A2BFFA2500034274B /* JSON */,
			);
			path = Resources;
			sourceTree = "<group>";
		};
		46B8DF9A2BFFA2500034274B /* JSON */ = {
			isa = PBXGroup;
			children = (
				46B8DF9B2BFFA2500034274B /* Characters */,
			);
			path = JSON;
			sourceTree = "<group>";
		};
		46B8DF9B2BFFA2500034274B /* Characters */ = {
			isa = PBXGroup;
			children = (
				46B8DF9C2BFFA2740034274B /* CharacterDataWrapper.json */,
			);
			path = Characters;
			sourceTree = "<group>";
		};
		46B8DFA12BFFA6040034274B /* CoreData */ = {
			isa = PBXGroup;
			children = (
				46B8DFA82BFFA7040034274B /* CharactersCoreDataManager.swift */,
				46B8DFC02BFFB7800034274B /* CharactersDataModel.xcdatamodeld */,
			);
			path = CoreData;
			sourceTree = "<group>";
		};
/* End PBXGroup section */

/* Begin PBXNativeTarget section */
		46B7DB492BFDC41800DEDAB9 /* MarvelDemoApp */ = {
			isa = PBXNativeTarget;
			buildConfigurationList = 46B7DB6E2BFDC41900DEDAB9 /* Build configuration list for PBXNativeTarget "MarvelDemoApp" */;
			buildPhases = (
				46B7DB462BFDC41800DEDAB9 /* Sources */,
				46B7DB472BFDC41800DEDAB9 /* Frameworks */,
				46B7DB482BFDC41800DEDAB9 /* Resources */,
			);
			buildRules = (
			);
			dependencies = (
			);
			name = MarvelDemoApp;
			productName = MarvelDemoApp;
			productReference = 46B7DB4A2BFDC41800DEDAB9 /* MarvelDemoApp.app */;
			productType = "com.apple.product-type.application";
		};
		46B7DB592BFDC41900DEDAB9 /* MarvelDemoAppTests */ = {
			isa = PBXNativeTarget;
			buildConfigurationList = 46B7DB712BFDC41900DEDAB9 /* Build configuration list for PBXNativeTarget "MarvelDemoAppTests" */;
			buildPhases = (
				46B7DB562BFDC41900DEDAB9 /* Sources */,
				46B7DB572BFDC41900DEDAB9 /* Frameworks */,
				46B7DB582BFDC41900DEDAB9 /* Resources */,
			);
			buildRules = (
			);
			dependencies = (
				46B7DB5C2BFDC41900DEDAB9 /* PBXTargetDependency */,
			);
			name = MarvelDemoAppTests;
			productName = MarvelDemoAppTests;
			productReference = 46B7DB5A2BFDC41900DEDAB9 /* MarvelDemoAppTests.xctest */;
			productType = "com.apple.product-type.bundle.unit-test";
		};
		46B7DB632BFDC41900DEDAB9 /* MarvelDemoAppUITests */ = {
			isa = PBXNativeTarget;
			buildConfigurationList = 46B7DB742BFDC41900DEDAB9 /* Build configuration list for PBXNativeTarget "MarvelDemoAppUITests" */;
			buildPhases = (
				46B7DB602BFDC41900DEDAB9 /* Sources */,
				46B7DB612BFDC41900DEDAB9 /* Frameworks */,
				46B7DB622BFDC41900DEDAB9 /* Resources */,
			);
			buildRules = (
			);
			dependencies = (
				46B7DB662BFDC41900DEDAB9 /* PBXTargetDependency */,
			);
			name = MarvelDemoAppUITests;
			productName = MarvelDemoAppUITests;
			productReference = 46B7DB642BFDC41900DEDAB9 /* MarvelDemoAppUITests.xctest */;
			productType = "com.apple.product-type.bundle.ui-testing";
		};
/* End PBXNativeTarget section */

/* Begin PBXProject section */
		46B7DB422BFDC41800DEDAB9 /* Project object */ = {
			isa = PBXProject;
			attributes = {
				BuildIndependentTargetsInParallel = 1;
				LastSwiftUpdateCheck = 1520;
				LastUpgradeCheck = 1520;
				TargetAttributes = {
					46B7DB492BFDC41800DEDAB9 = {
						CreatedOnToolsVersion = 15.2;
					};
					46B7DB592BFDC41900DEDAB9 = {
						CreatedOnToolsVersion = 15.2;
						LastSwiftMigration = 1520;
						TestTargetID = 46B7DB492BFDC41800DEDAB9;
					};
					46B7DB632BFDC41900DEDAB9 = {
						CreatedOnToolsVersion = 15.2;
						TestTargetID = 46B7DB492BFDC41800DEDAB9;
					};
				};
			};
			buildConfigurationList = 46B7DB452BFDC41800DEDAB9 /* Build configuration list for PBXProject "MarvelDemoApp" */;
			compatibilityVersion = "Xcode 14.0";
			developmentRegion = en;
			hasScannedForEncodings = 0;
			knownRegions = (
				en,
				Base,
			);
			mainGroup = 46B7DB412BFDC41800DEDAB9;
			productRefGroup = 46B7DB4B2BFDC41800DEDAB9 /* Products */;
			projectDirPath = "";
			projectRoot = "";
			targets = (
				46B7DB492BFDC41800DEDAB9 /* MarvelDemoApp */,
				46B7DB592BFDC41900DEDAB9 /* MarvelDemoAppTests */,
				46B7DB632BFDC41900DEDAB9 /* MarvelDemoAppUITests */,
			);
		};
/* End PBXProject section */

/* Begin PBXResourcesBuildPhase section */
		46B7DB482BFDC41800DEDAB9 /* Resources */ = {
			isa = PBXResourcesBuildPhase;
			buildActionMask = 2147483647;
			files = (
				46B7DB552BFDC41800DEDAB9 /* Preview Assets.xcassets in Resources */,
				46B8DF9D2BFFA2740034274B /* CharacterDataWrapper.json in Resources */,
				46B7DB522BFDC41800DEDAB9 /* Assets.xcassets in Resources */,
			);
			runOnlyForDeploymentPostprocessing = 0;
		};
		46B7DB582BFDC41900DEDAB9 /* Resources */ = {
			isa = PBXResourcesBuildPhase;
			buildActionMask = 2147483647;
			files = (
				46B8DF9E2BFFA2860034274B /* CharacterDataWrapper.json in Resources */,
			);
			runOnlyForDeploymentPostprocessing = 0;
		};
		46B7DB622BFDC41900DEDAB9 /* Resources */ = {
			isa = PBXResourcesBuildPhase;
			buildActionMask = 2147483647;
			files = (
			);
			runOnlyForDeploymentPostprocessing = 0;
		};
/* End PBXResourcesBuildPhase section */

/* Begin PBXSourcesBuildPhase section */
		46B7DB462BFDC41800DEDAB9 /* Sources */ = {
			isa = PBXSourcesBuildPhase;
			buildActionMask = 2147483647;
			files = (
				46B7DB7F2BFDCE1800DEDAB9 /* CharacterDataWrapper.swift in Sources */,
				46B8DFDA2BFFE3D90034274B /* MockNetworkServiceFactory.swift in Sources */,
				46B8DFDE2BFFE5110034274B /* CharacterServiceFactory.swift in Sources */,
				46B7DBA02BFE965C00DEDAB9 /* Request.swift in Sources */,
				46B7DB812BFDCE5E00DEDAB9 /* CharacterDataContainer.swift in Sources */,
				46B7DBCA2BFEB0C500DEDAB9 /* APIClient.swift in Sources */,
				46B8DF8E2BFF7C650034274B /* JSONParser.swift in Sources */,
				46B7DBA82BFE96D300DEDAB9 /* MockURLRequestBuilder.swift in Sources */,
				46B8DFCE2BFFD8F60034274B /* CharacterServiceWithFallback.swift in Sources */,
				46B8DFE02BFFE5290034274B /* CharacterService.swift in Sources */,
				46B7DBA22BFE967900DEDAB9 /* Response.swift in Sources */,
				46B7DB872BFDCF9D00DEDAB9 /* ComicSummary.swift in Sources */,
				46B8DFDC2BFFE43D0034274B /* APIClientFactory.swift in Sources */,
				46B7DB8B2BFDCFBB00DEDAB9 /* SeriesList.swift in Sources */,
				46B8DFCC2BFFD8E00034274B /* CharacterStorageService.swift in Sources */,
				46B7DB832BFDCEB500DEDAB9 /* Character.swift in Sources */,
				46B7DB852BFDCF8B00DEDAB9 /* ComicList.swift in Sources */,
				46B8DFD82BFFE33D0034274B /* NetworkServiceFactory.swift in Sources */,
				46B7DB932BFDCFF600DEDAB9 /* Image.swift in Sources */,
				46B7DBBE2BFEA8C000DEDAB9 /* MD5Hasher.swift in Sources */,
				46B7DB502BFDC41800DEDAB9 /* ContentView.swift in Sources */,
				46B8DF952BFF7DF80034274B /* Dictionary+QueryParameter.swift in Sources */,
				46B7DB4E2BFDC41800DEDAB9 /* MarvelDemoApp.swift in Sources */,
				46B7DB952BFDD00200DEDAB9 /* Url.swift in Sources */,
				46B7DB8F2BFDCFD900DEDAB9 /* StorySummary.swift in Sources */,
				46B8DFC22BFFB7800034274B /* CharactersDataModel.xcdatamodeld in Sources */,
				46B8DFCA2BFFD8C70034274B /* MockCharacterAPIService.swift in Sources */,
				46B7DBC82BFEB09F00DEDAB9 /* CharacterAPIService.swift in Sources */,
				46B8DF932BFF7DE80034274B /* Dictionary+Merge.swift in Sources */,
				46B7DB992BFE855700DEDAB9 /* NetworkService.swift in Sources */,
				46B7DB912BFDCFE800DEDAB9 /* EventSummary.swift in Sources */,
				46B7DB8D2BFDCFC800DEDAB9 /* EventList.swift in Sources */,
				46B7DBA62BFE96B000DEDAB9 /* MockURLSession.swift in Sources */,
				46B7DBC22BFEAAE200DEDAB9 /* EnvironmentReader.swift in Sources */,
				46B8DFA92BFFA7040034274B /* CharactersCoreDataManager.swift in Sources */,
				46B8DFC42BFFC40B0034274B /* SeriesSummary.swift in Sources */,
				46B8DFD62BFFE0E10034274B /* MockNullCharacterAPIService.swift in Sources */,
				46B7DBA42BFE969800DEDAB9 /* URLRequestNetworkService.swift in Sources */,
				46B8DFC62BFFC4F70034274B /* Optional+NSSet+Array.swift in Sources */,
				46B8DFD22BFFDE2E0034274B /* MockFallbackCharacterService.swift in Sources */,
				46B7DBBC2BFEA87100DEDAB9 /* Load.swift in Sources */,
				46B7DB892BFDCFAF00DEDAB9 /* StoryList.swift in Sources */,
			);
			runOnlyForDeploymentPostprocessing = 0;
		};
		46B7DB562BFDC41900DEDAB9 /* Sources */ = {
			isa = PBXSourcesBuildPhase;
			buildActionMask = 2147483647;
			files = (
				46B7DB9E2BFE912B00DEDAB9 /* URLRequestNetworkServiceTests.swift in Sources */,
				46B8DFC82BFFC88E0034274B /* CharactersCoreDataManagerTests.swift in Sources */,
				46B7DBC02BFEA95600DEDAB9 /* MD5HasherTests.swift in Sources */,
				46B8DFD02BFFDB0C0034274B /* CharacterServiceWithFallbackTests.swift in Sources */,
				46B7DBC42BFEABEA00DEDAB9 /* EnvironmentReaderTests.swift in Sources */,
				46B8DF972BFF827D0034274B /* CharacterAPIServiceTests.swift in Sources */,
			);
			runOnlyForDeploymentPostprocessing = 0;
		};
		46B7DB602BFDC41900DEDAB9 /* Sources */ = {
			isa = PBXSourcesBuildPhase;
			buildActionMask = 2147483647;
			files = (
				46B7DB6B2BFDC41900DEDAB9 /* MarvelDemoAppUITestsLaunchTests.swift in Sources */,
				46B7DB692BFDC41900DEDAB9 /* MarvelDemoAppUITests.swift in Sources */,
			);
			runOnlyForDeploymentPostprocessing = 0;
		};
/* End PBXSourcesBuildPhase section */

/* Begin PBXTargetDependency section */
		46B7DB5C2BFDC41900DEDAB9 /* PBXTargetDependency */ = {
			isa = PBXTargetDependency;
			target = 46B7DB492BFDC41800DEDAB9 /* MarvelDemoApp */;
			targetProxy = 46B7DB5B2BFDC41900DEDAB9 /* PBXContainerItemProxy */;
		};
		46B7DB662BFDC41900DEDAB9 /* PBXTargetDependency */ = {
			isa = PBXTargetDependency;
			target = 46B7DB492BFDC41800DEDAB9 /* MarvelDemoApp */;
			targetProxy = 46B7DB652BFDC41900DEDAB9 /* PBXContainerItemProxy */;
		};
/* End PBXTargetDependency section */

/* Begin XCBuildConfiguration section */
		46B7DB6C2BFDC41900DEDAB9 /* Debug */ = {
			isa = XCBuildConfiguration;
			buildSettings = {
				ALWAYS_SEARCH_USER_PATHS = NO;
				ASSETCATALOG_COMPILER_GENERATE_SWIFT_ASSET_SYMBOL_EXTENSIONS = YES;
				CLANG_ANALYZER_NONNULL = YES;
				CLANG_ANALYZER_NUMBER_OBJECT_CONVERSION = YES_AGGRESSIVE;
				CLANG_CXX_LANGUAGE_STANDARD = "gnu++20";
				CLANG_ENABLE_MODULES = YES;
				CLANG_ENABLE_OBJC_ARC = YES;
				CLANG_ENABLE_OBJC_WEAK = YES;
				CLANG_WARN_BLOCK_CAPTURE_AUTORELEASING = YES;
				CLANG_WARN_BOOL_CONVERSION = YES;
				CLANG_WARN_COMMA = YES;
				CLANG_WARN_CONSTANT_CONVERSION = YES;
				CLANG_WARN_DEPRECATED_OBJC_IMPLEMENTATIONS = YES;
				CLANG_WARN_DIRECT_OBJC_ISA_USAGE = YES_ERROR;
				CLANG_WARN_DOCUMENTATION_COMMENTS = YES;
				CLANG_WARN_EMPTY_BODY = YES;
				CLANG_WARN_ENUM_CONVERSION = YES;
				CLANG_WARN_INFINITE_RECURSION = YES;
				CLANG_WARN_INT_CONVERSION = YES;
				CLANG_WARN_NON_LITERAL_NULL_CONVERSION = YES;
				CLANG_WARN_OBJC_IMPLICIT_RETAIN_SELF = YES;
				CLANG_WARN_OBJC_LITERAL_CONVERSION = YES;
				CLANG_WARN_OBJC_ROOT_CLASS = YES_ERROR;
				CLANG_WARN_QUOTED_INCLUDE_IN_FRAMEWORK_HEADER = YES;
				CLANG_WARN_RANGE_LOOP_ANALYSIS = YES;
				CLANG_WARN_STRICT_PROTOTYPES = YES;
				CLANG_WARN_SUSPICIOUS_MOVE = YES;
				CLANG_WARN_UNGUARDED_AVAILABILITY = YES_AGGRESSIVE;
				CLANG_WARN_UNREACHABLE_CODE = YES;
				CLANG_WARN__DUPLICATE_METHOD_MATCH = YES;
				COPY_PHASE_STRIP = NO;
				DEBUG_INFORMATION_FORMAT = dwarf;
				ENABLE_STRICT_OBJC_MSGSEND = YES;
				ENABLE_TESTABILITY = YES;
				ENABLE_USER_SCRIPT_SANDBOXING = YES;
				GCC_C_LANGUAGE_STANDARD = gnu17;
				GCC_DYNAMIC_NO_PIC = NO;
				GCC_NO_COMMON_BLOCKS = YES;
				GCC_OPTIMIZATION_LEVEL = 0;
				GCC_PREPROCESSOR_DEFINITIONS = (
					"DEBUG=1",
					"$(inherited)",
				);
				GCC_WARN_64_TO_32_BIT_CONVERSION = YES;
				GCC_WARN_ABOUT_RETURN_TYPE = YES_ERROR;
				GCC_WARN_UNDECLARED_SELECTOR = YES;
				GCC_WARN_UNINITIALIZED_AUTOS = YES_AGGRESSIVE;
				GCC_WARN_UNUSED_FUNCTION = YES;
				GCC_WARN_UNUSED_VARIABLE = YES;
				IPHONEOS_DEPLOYMENT_TARGET = 17.2;
				LOCALIZATION_PREFERS_STRING_CATALOGS = YES;
				MTL_ENABLE_DEBUG_INFO = INCLUDE_SOURCE;
				MTL_FAST_MATH = YES;
				ONLY_ACTIVE_ARCH = YES;
				SDKROOT = iphoneos;
				SWIFT_ACTIVE_COMPILATION_CONDITIONS = "DEBUG $(inherited)";
				SWIFT_OPTIMIZATION_LEVEL = "-Onone";
			};
			name = Debug;
		};
		46B7DB6D2BFDC41900DEDAB9 /* Release */ = {
			isa = XCBuildConfiguration;
			buildSettings = {
				ALWAYS_SEARCH_USER_PATHS = NO;
				ASSETCATALOG_COMPILER_GENERATE_SWIFT_ASSET_SYMBOL_EXTENSIONS = YES;
				CLANG_ANALYZER_NONNULL = YES;
				CLANG_ANALYZER_NUMBER_OBJECT_CONVERSION = YES_AGGRESSIVE;
				CLANG_CXX_LANGUAGE_STANDARD = "gnu++20";
				CLANG_ENABLE_MODULES = YES;
				CLANG_ENABLE_OBJC_ARC = YES;
				CLANG_ENABLE_OBJC_WEAK = YES;
				CLANG_WARN_BLOCK_CAPTURE_AUTORELEASING = YES;
				CLANG_WARN_BOOL_CONVERSION = YES;
				CLANG_WARN_COMMA = YES;
				CLANG_WARN_CONSTANT_CONVERSION = YES;
				CLANG_WARN_DEPRECATED_OBJC_IMPLEMENTATIONS = YES;
				CLANG_WARN_DIRECT_OBJC_ISA_USAGE = YES_ERROR;
				CLANG_WARN_DOCUMENTATION_COMMENTS = YES;
				CLANG_WARN_EMPTY_BODY = YES;
				CLANG_WARN_ENUM_CONVERSION = YES;
				CLANG_WARN_INFINITE_RECURSION = YES;
				CLANG_WARN_INT_CONVERSION = YES;
				CLANG_WARN_NON_LITERAL_NULL_CONVERSION = YES;
				CLANG_WARN_OBJC_IMPLICIT_RETAIN_SELF = YES;
				CLANG_WARN_OBJC_LITERAL_CONVERSION = YES;
				CLANG_WARN_OBJC_ROOT_CLASS = YES_ERROR;
				CLANG_WARN_QUOTED_INCLUDE_IN_FRAMEWORK_HEADER = YES;
				CLANG_WARN_RANGE_LOOP_ANALYSIS = YES;
				CLANG_WARN_STRICT_PROTOTYPES = YES;
				CLANG_WARN_SUSPICIOUS_MOVE = YES;
				CLANG_WARN_UNGUARDED_AVAILABILITY = YES_AGGRESSIVE;
				CLANG_WARN_UNREACHABLE_CODE = YES;
				CLANG_WARN__DUPLICATE_METHOD_MATCH = YES;
				COPY_PHASE_STRIP = NO;
				DEBUG_INFORMATION_FORMAT = "dwarf-with-dsym";
				ENABLE_NS_ASSERTIONS = NO;
				ENABLE_STRICT_OBJC_MSGSEND = YES;
				ENABLE_USER_SCRIPT_SANDBOXING = YES;
				GCC_C_LANGUAGE_STANDARD = gnu17;
				GCC_NO_COMMON_BLOCKS = YES;
				GCC_WARN_64_TO_32_BIT_CONVERSION = YES;
				GCC_WARN_ABOUT_RETURN_TYPE = YES_ERROR;
				GCC_WARN_UNDECLARED_SELECTOR = YES;
				GCC_WARN_UNINITIALIZED_AUTOS = YES_AGGRESSIVE;
				GCC_WARN_UNUSED_FUNCTION = YES;
				GCC_WARN_UNUSED_VARIABLE = YES;
				IPHONEOS_DEPLOYMENT_TARGET = 17.2;
				LOCALIZATION_PREFERS_STRING_CATALOGS = YES;
				MTL_ENABLE_DEBUG_INFO = NO;
				MTL_FAST_MATH = YES;
				SDKROOT = iphoneos;
				SWIFT_COMPILATION_MODE = wholemodule;
				VALIDATE_PRODUCT = YES;
			};
			name = Release;
		};
		46B7DB6F2BFDC41900DEDAB9 /* Debug */ = {
			isa = XCBuildConfiguration;
			buildSettings = {
				ASSETCATALOG_COMPILER_APPICON_NAME = AppIcon;
				ASSETCATALOG_COMPILER_GLOBAL_ACCENT_COLOR_NAME = AccentColor;
				CODE_SIGN_STYLE = Automatic;
				CURRENT_PROJECT_VERSION = 1;
				DEVELOPMENT_ASSET_PATHS = "\"MarvelDemoApp/Preview Content\"";
				DEVELOPMENT_TEAM = WC3CDPK7H2;
				ENABLE_PREVIEWS = YES;
				GENERATE_INFOPLIST_FILE = YES;
				INFOPLIST_KEY_UIApplicationSceneManifest_Generation = YES;
				INFOPLIST_KEY_UIApplicationSupportsIndirectInputEvents = YES;
				INFOPLIST_KEY_UILaunchScreen_Generation = YES;
				INFOPLIST_KEY_UISupportedInterfaceOrientations_iPad = "UIInterfaceOrientationPortrait UIInterfaceOrientationPortraitUpsideDown UIInterfaceOrientationLandscapeLeft UIInterfaceOrientationLandscapeRight";
				INFOPLIST_KEY_UISupportedInterfaceOrientations_iPhone = "UIInterfaceOrientationPortrait UIInterfaceOrientationLandscapeLeft UIInterfaceOrientationLandscapeRight";
				LD_RUNPATH_SEARCH_PATHS = (
					"$(inherited)",
					"@executable_path/Frameworks",
				);
				MARKETING_VERSION = 1.0;
				PRODUCT_BUNDLE_IDENTIFIER = com.dabdeveloper.marvel.demo.ios;
				PRODUCT_NAME = "$(TARGET_NAME)";
				SWIFT_EMIT_LOC_STRINGS = YES;
				SWIFT_VERSION = 5.0;
				TARGETED_DEVICE_FAMILY = "1,2";
			};
			name = Debug;
		};
		46B7DB702BFDC41900DEDAB9 /* Release */ = {
			isa = XCBuildConfiguration;
			buildSettings = {
				ASSETCATALOG_COMPILER_APPICON_NAME = AppIcon;
				ASSETCATALOG_COMPILER_GLOBAL_ACCENT_COLOR_NAME = AccentColor;
				CODE_SIGN_STYLE = Automatic;
				CURRENT_PROJECT_VERSION = 1;
				DEVELOPMENT_ASSET_PATHS = "\"MarvelDemoApp/Preview Content\"";
				DEVELOPMENT_TEAM = WC3CDPK7H2;
				ENABLE_PREVIEWS = YES;
				GENERATE_INFOPLIST_FILE = YES;
				INFOPLIST_KEY_UIApplicationSceneManifest_Generation = YES;
				INFOPLIST_KEY_UIApplicationSupportsIndirectInputEvents = YES;
				INFOPLIST_KEY_UILaunchScreen_Generation = YES;
				INFOPLIST_KEY_UISupportedInterfaceOrientations_iPad = "UIInterfaceOrientationPortrait UIInterfaceOrientationPortraitUpsideDown UIInterfaceOrientationLandscapeLeft UIInterfaceOrientationLandscapeRight";
				INFOPLIST_KEY_UISupportedInterfaceOrientations_iPhone = "UIInterfaceOrientationPortrait UIInterfaceOrientationLandscapeLeft UIInterfaceOrientationLandscapeRight";
				LD_RUNPATH_SEARCH_PATHS = (
					"$(inherited)",
					"@executable_path/Frameworks",
				);
				MARKETING_VERSION = 1.0;
				PRODUCT_BUNDLE_IDENTIFIER = com.dabdeveloper.marvel.demo.ios;
				PRODUCT_NAME = "$(TARGET_NAME)";
				SWIFT_EMIT_LOC_STRINGS = YES;
				SWIFT_VERSION = 5.0;
				TARGETED_DEVICE_FAMILY = "1,2";
			};
			name = Release;
		};
		46B7DB722BFDC41900DEDAB9 /* Debug */ = {
			isa = XCBuildConfiguration;
			buildSettings = {
				ALWAYS_EMBED_SWIFT_STANDARD_LIBRARIES = YES;
				BUNDLE_LOADER = "$(TEST_HOST)";
				CLANG_ENABLE_MODULES = YES;
				CODE_SIGN_STYLE = Automatic;
				CURRENT_PROJECT_VERSION = 1;
				DEVELOPMENT_TEAM = WC3CDPK7H2;
				GENERATE_INFOPLIST_FILE = YES;
				IPHONEOS_DEPLOYMENT_TARGET = 17.2;
				MARKETING_VERSION = 1.0;
				PRODUCT_BUNDLE_IDENTIFIER = com.dabdeveloper.marvel.demo.ios.MarvelDemoAppTests;
				PRODUCT_NAME = "$(TARGET_NAME)";
				SWIFT_EMIT_LOC_STRINGS = NO;
				SWIFT_OPTIMIZATION_LEVEL = "-Onone";
				SWIFT_VERSION = 5.0;
				TARGETED_DEVICE_FAMILY = "1,2";
				TEST_HOST = "$(BUILT_PRODUCTS_DIR)/MarvelDemoApp.app/$(BUNDLE_EXECUTABLE_FOLDER_PATH)/MarvelDemoApp";
			};
			name = Debug;
		};
		46B7DB732BFDC41900DEDAB9 /* Release */ = {
			isa = XCBuildConfiguration;
			buildSettings = {
				ALWAYS_EMBED_SWIFT_STANDARD_LIBRARIES = YES;
				BUNDLE_LOADER = "$(TEST_HOST)";
				CLANG_ENABLE_MODULES = YES;
				CODE_SIGN_STYLE = Automatic;
				CURRENT_PROJECT_VERSION = 1;
				DEVELOPMENT_TEAM = WC3CDPK7H2;
				GENERATE_INFOPLIST_FILE = YES;
				IPHONEOS_DEPLOYMENT_TARGET = 17.2;
				MARKETING_VERSION = 1.0;
				PRODUCT_BUNDLE_IDENTIFIER = com.dabdeveloper.marvel.demo.ios.MarvelDemoAppTests;
				PRODUCT_NAME = "$(TARGET_NAME)";
				SWIFT_EMIT_LOC_STRINGS = NO;
				SWIFT_VERSION = 5.0;
				TARGETED_DEVICE_FAMILY = "1,2";
				TEST_HOST = "$(BUILT_PRODUCTS_DIR)/MarvelDemoApp.app/$(BUNDLE_EXECUTABLE_FOLDER_PATH)/MarvelDemoApp";
			};
			name = Release;
		};
		46B7DB752BFDC41900DEDAB9 /* Debug */ = {
			isa = XCBuildConfiguration;
			buildSettings = {
				ALWAYS_EMBED_SWIFT_STANDARD_LIBRARIES = YES;
				CODE_SIGN_STYLE = Automatic;
				CURRENT_PROJECT_VERSION = 1;
				DEVELOPMENT_TEAM = WC3CDPK7H2;
				GENERATE_INFOPLIST_FILE = YES;
				MARKETING_VERSION = 1.0;
				PRODUCT_BUNDLE_IDENTIFIER = com.dabdeveloper.marvel.demo.ios.MarvelDemoAppUITests;
				PRODUCT_NAME = "$(TARGET_NAME)";
				SWIFT_EMIT_LOC_STRINGS = NO;
				SWIFT_VERSION = 5.0;
				TARGETED_DEVICE_FAMILY = "1,2";
				TEST_TARGET_NAME = MarvelDemoApp;
			};
			name = Debug;
		};
		46B7DB762BFDC41900DEDAB9 /* Release */ = {
			isa = XCBuildConfiguration;
			buildSettings = {
				ALWAYS_EMBED_SWIFT_STANDARD_LIBRARIES = YES;
				CODE_SIGN_STYLE = Automatic;
				CURRENT_PROJECT_VERSION = 1;
				DEVELOPMENT_TEAM = WC3CDPK7H2;
				GENERATE_INFOPLIST_FILE = YES;
				MARKETING_VERSION = 1.0;
				PRODUCT_BUNDLE_IDENTIFIER = com.dabdeveloper.marvel.demo.ios.MarvelDemoAppUITests;
				PRODUCT_NAME = "$(TARGET_NAME)";
				SWIFT_EMIT_LOC_STRINGS = NO;
				SWIFT_VERSION = 5.0;
				TARGETED_DEVICE_FAMILY = "1,2";
				TEST_TARGET_NAME = MarvelDemoApp;
			};
			name = Release;
		};
/* End XCBuildConfiguration section */

/* Begin XCConfigurationList section */
		46B7DB452BFDC41800DEDAB9 /* Build configuration list for PBXProject "MarvelDemoApp" */ = {
			isa = XCConfigurationList;
			buildConfigurations = (
				46B7DB6C2BFDC41900DEDAB9 /* Debug */,
				46B7DB6D2BFDC41900DEDAB9 /* Release */,
			);
			defaultConfigurationIsVisible = 0;
			defaultConfigurationName = Release;
		};
		46B7DB6E2BFDC41900DEDAB9 /* Build configuration list for PBXNativeTarget "MarvelDemoApp" */ = {
			isa = XCConfigurationList;
			buildConfigurations = (
				46B7DB6F2BFDC41900DEDAB9 /* Debug */,
				46B7DB702BFDC41900DEDAB9 /* Release */,
			);
			defaultConfigurationIsVisible = 0;
			defaultConfigurationName = Release;
		};
		46B7DB712BFDC41900DEDAB9 /* Build configuration list for PBXNativeTarget "MarvelDemoAppTests" */ = {
			isa = XCConfigurationList;
			buildConfigurations = (
				46B7DB722BFDC41900DEDAB9 /* Debug */,
				46B7DB732BFDC41900DEDAB9 /* Release */,
			);
			defaultConfigurationIsVisible = 0;
			defaultConfigurationName = Release;
		};
		46B7DB742BFDC41900DEDAB9 /* Build configuration list for PBXNativeTarget "MarvelDemoAppUITests" */ = {
			isa = XCConfigurationList;
			buildConfigurations = (
				46B7DB752BFDC41900DEDAB9 /* Debug */,
				46B7DB762BFDC41900DEDAB9 /* Release */,
			);
			defaultConfigurationIsVisible = 0;
			defaultConfigurationName = Release;
		};
/* End XCConfigurationList section */

/* Begin XCVersionGroup section */
		46B8DFC02BFFB7800034274B /* CharactersDataModel.xcdatamodeld */ = {
			isa = XCVersionGroup;
			children = (
				46B8DFC12BFFB7800034274B /* Marvel.xcdatamodel */,
			);
			currentVersion = 46B8DFC12BFFB7800034274B /* Marvel.xcdatamodel */;
			path = CharactersDataModel.xcdatamodeld;
			sourceTree = "<group>";
			versionGroupType = wrapper.xcdatamodel;
		};
/* End XCVersionGroup section */
	};
	rootObject = 46B7DB422BFDC41800DEDAB9 /* Project object */;
}
